
Microsoft Visual Studio Solution File, Format Version 12.00
# Visual Studio 2013
VisualStudioVersion = 12.0.21005.1
MinimumVisualStudioVersion = 10.0.40219.1
Project("{FAE04EC0-301F-11D3-BF4B-00C04F79EFBC}") = "TP_DDS", "TP_DDS\TP_DDS.csproj", "{50C785A3-E9DF-4102-BAC9-92B0356C1D13}"
EndProject
Global
	GlobalSection(SolutionConfigurationPlatforms) = preSolution
		Debug|Any CPU = Debug|Any CPU
		Release|Any CPU = Release|Any CPU
	EndGlobalSection
	GlobalSection(ProjectConfigurationPlatforms) = postSolution
		{50C785A3-E9DF-4102-BAC9-92B0356C1D13}.Debug|Any CPU.ActiveCfg = Debug|Any CPU
		{50C785A3-E9DF-4102-BAC9-92B0356C1D13}.Debug|Any CPU.Build.0 = Debug|Any CPU
		{50C785A3-E9DF-4102-BAC9-92B0356C1D13}.Release|Any CPU.ActiveCfg = Release|Any CPU
		{50C785A3-E9DF-4102-BAC9-92B0356C1D13}.Release|Any CPU.Build.0 = Release|Any CPU
	EndGlobalSection
	GlobalSection(SolutionProperties) = preSolution
		HideSolutionNode = FALSE
	EndGlobalSection
EndGlobal
