
Microsoft Visual Studio Solution File, Format Version 12.00
# Visual Studio 2012
Project("{FAE04EC0-301F-11D3-BF4B-00C04F79EFBC}") = "MvcApplication1", "MvcApplication1\MvcApplication1.csproj", "{29A32144-A4C3-4167-AA75-B76500AC2122}"
EndProject
Global
	GlobalSection(SolutionConfigurationPlatforms) = preSolution
		Debug|Any CPU = Debug|Any CPU
		Release|Any CPU = Release|Any CPU
	EndGlobalSection
	GlobalSection(ProjectConfigurationPlatforms) = postSolution
		{29A32144-A4C3-4167-AA75-B76500AC2122}.Debug|Any CPU.ActiveCfg = Debug|Any CPU
		{29A32144-A4C3-4167-AA75-B76500AC2122}.Debug|Any CPU.Build.0 = Debug|Any CPU
		{29A32144-A4C3-4167-AA75-B76500AC2122}.Release|Any CPU.ActiveCfg = Release|Any CPU
		{29A32144-A4C3-4167-AA75-B76500AC2122}.Release|Any CPU.Build.0 = Release|Any CPU
	EndGlobalSection
	GlobalSection(SolutionProperties) = preSolution
		HideSolutionNode = FALSE
	EndGlobalSection
EndGlobal
