
Microsoft Visual Studio Solution File, Format Version 12.00
# Visual Studio 2012
Project("{FAE04EC0-301F-11D3-BF4B-00C04F79EFBC}") = "DDS_TP", "DDS_TP\DDS_TP.csproj", "{654F6AED-D79F-4215-93A2-4A071E7138DE}"
EndProject
Project("{FAE04EC0-301F-11D3-BF4B-00C04F79EFBC}") = "DDS_TP.Tests", "DDS_TP.Tests\DDS_TP.Tests.csproj", "{374A827F-C80D-4B6C-B0EB-FBD3D8E4840A}"
EndProject
Project("{FAE04EC0-301F-11D3-BF4B-00C04F79EFBC}") = "DDS_TP.Domain", "DDS_TP.Domain\DDS_TP.Domain.csproj", "{36F6A874-124E-40C0-ACCD-901BAAB7BB7F}"
EndProject
Global
	GlobalSection(SolutionConfigurationPlatforms) = preSolution
		Debug|Any CPU = Debug|Any CPU
		Release|Any CPU = Release|Any CPU
	EndGlobalSection
	GlobalSection(ProjectConfigurationPlatforms) = postSolution
		{654F6AED-D79F-4215-93A2-4A071E7138DE}.Debug|Any CPU.ActiveCfg = Debug|Any CPU
		{654F6AED-D79F-4215-93A2-4A071E7138DE}.Debug|Any CPU.Build.0 = Debug|Any CPU
		{654F6AED-D79F-4215-93A2-4A071E7138DE}.Release|Any CPU.ActiveCfg = Release|Any CPU
		{654F6AED-D79F-4215-93A2-4A071E7138DE}.Release|Any CPU.Build.0 = Release|Any CPU
		{374A827F-C80D-4B6C-B0EB-FBD3D8E4840A}.Debug|Any CPU.ActiveCfg = Debug|Any CPU
		{374A827F-C80D-4B6C-B0EB-FBD3D8E4840A}.Debug|Any CPU.Build.0 = Debug|Any CPU
		{374A827F-C80D-4B6C-B0EB-FBD3D8E4840A}.Release|Any CPU.ActiveCfg = Release|Any CPU
		{374A827F-C80D-4B6C-B0EB-FBD3D8E4840A}.Release|Any CPU.Build.0 = Release|Any CPU
		{36F6A874-124E-40C0-ACCD-901BAAB7BB7F}.Debug|Any CPU.ActiveCfg = Debug|Any CPU
		{36F6A874-124E-40C0-ACCD-901BAAB7BB7F}.Debug|Any CPU.Build.0 = Debug|Any CPU
		{36F6A874-124E-40C0-ACCD-901BAAB7BB7F}.Release|Any CPU.ActiveCfg = Release|Any CPU
		{36F6A874-124E-40C0-ACCD-901BAAB7BB7F}.Release|Any CPU.Build.0 = Release|Any CPU
	EndGlobalSection
	GlobalSection(SolutionProperties) = preSolution
		HideSolutionNode = FALSE
	EndGlobalSection
EndGlobal
